
Microsoft Visual Studio Solution File, Format Version 12.00
# Visual Studio 15
VisualStudioVersion = 15.0.27703.2035
MinimumVisualStudioVersion = 10.0.40219.1
Project("{FAE04EC0-301F-11D3-BF4B-00C04F79EFBC}") = "MobileLab3_APIHost", "MobileLab3_APIHost\MobileLab3_APIHost.csproj", "{378D17D8-5434-4F67-92BB-F006FDD85C98}"
EndProject
Global
	GlobalSection(SolutionConfigurationPlatforms) = preSolution
		Debug|Any CPU = Debug|Any CPU
		Release|Any CPU = Release|Any CPU
	EndGlobalSection
	GlobalSection(ProjectConfigurationPlatforms) = postSolution
		{378D17D8-5434-4F67-92BB-F006FDD85C98}.Debug|Any CPU.ActiveCfg = Debug|Any CPU
		{378D17D8-5434-4F67-92BB-F006FDD85C98}.Debug|Any CPU.Build.0 = Debug|Any CPU
		{378D17D8-5434-4F67-92BB-F006FDD85C98}.Release|Any CPU.ActiveCfg = Release|Any CPU
		{378D17D8-5434-4F67-92BB-F006FDD85C98}.Release|Any CPU.Build.0 = Release|Any CPU
	EndGlobalSection
	GlobalSection(SolutionProperties) = preSolution
		HideSolutionNode = FALSE
	EndGlobalSection
	GlobalSection(ExtensibilityGlobals) = postSolution
		SolutionGuid = {0EB24BD9-7819-446D-BD31-B749AE07DAC1}
	EndGlobalSection
EndGlobal
